# This file is automatically @generated by Poetry 1.8.3 and should not be changed by hand.

[[package]]
name = "git-filter-repo"
version = "2.45.0"
description = "Quickly rewrite git repository history"
optional = false
python-versions = ">=3.5"
files = [
    {file = "git_filter_repo-2.45.0-py3-none-any.whl", hash = "sha256:63cd3208b92309e473e3d69e90195b445751d34be16880f6ffd5998c846bdefd"},
    {file = "git_filter_repo-2.45.0.tar.gz", hash = "sha256:2fa80ff8da54382a6e189bc1522dc986ee7a52abcbe9e28192f73c0f6c8b5ea9"},
]

[metadata]
lock-version = "2.0"
python-versions = "^3.10"
content-hash = "fdb47b8549a35d141a68dfb1bfaa16f57198f7988ac4787c9588c962c368fc6d"
